
Microsoft Visual Studio Solution File, Format Version 12.00
# Visual Studio Version 17
VisualStudioVersion = 17.6.33927.249
MinimumVisualStudioVersion = 10.0.40219.1
Project("{9A19103F-16F7-4668-BE54-9A1E7A4F7556}") = "PersonalContactInformation", "PersonalContactInformation\PersonalContactInformation.csproj", "{D29FBB2C-3101-4F6F-9A87-1B52121C57EC}"
EndProject
Global
	GlobalSection(SolutionConfigurationPlatforms) = preSolution
		Debug|Any CPU = Debug|Any CPU
		Release|Any CPU = Release|Any CPU
	EndGlobalSection
	GlobalSection(ProjectConfigurationPlatforms) = postSolution
		{D29FBB2C-3101-4F6F-9A87-1B52121C57EC}.Debug|Any CPU.ActiveCfg = Debug|Any CPU
		{D29FBB2C-3101-4F6F-9A87-1B52121C57EC}.Debug|Any CPU.Build.0 = Debug|Any CPU
		{D29FBB2C-3101-4F6F-9A87-1B52121C57EC}.Debug|Any CPU.Deploy.0 = Debug|Any CPU
		{D29FBB2C-3101-4F6F-9A87-1B52121C57EC}.Release|Any CPU.ActiveCfg = Release|Any CPU
		{D29FBB2C-3101-4F6F-9A87-1B52121C57EC}.Release|Any CPU.Build.0 = Release|Any CPU
		{D29FBB2C-3101-4F6F-9A87-1B52121C57EC}.Release|Any CPU.Deploy.0 = Release|Any CPU
	EndGlobalSection
	GlobalSection(SolutionProperties) = preSolution
		HideSolutionNode = FALSE
	EndGlobalSection
	GlobalSection(ExtensibilityGlobals) = postSolution
		SolutionGuid = {BD5FB6A2-6DAF-4D33-9E47-D4323DEB99EB}
	EndGlobalSection
EndGlobal
